
Microsoft Visual Studio Solution File, Format Version 12.00
# Visual Studio 15
VisualStudioVersion = 15.0.26430.12
MinimumVisualStudioVersion = 10.0.40219.1
Project("{FAE04EC0-301F-11D3-BF4B-00C04F79EFBC}") = "MordenFirearmKitMod", "MordenFirearmKitMod\MordenFirearmKitMod.csproj", "{BB84A70C-12FF-4C52-833A-86C2AB9AF05C}"
EndProject
Global
	GlobalSection(SolutionConfigurationPlatforms) = preSolution
		Debug|Any CPU = Debug|Any CPU
		Release|Any CPU = Release|Any CPU
	EndGlobalSection
	GlobalSection(ProjectConfigurationPlatforms) = postSolution
		{BB84A70C-12FF-4C52-833A-86C2AB9AF05C}.Debug|Any CPU.ActiveCfg = Debug|Any CPU
		{BB84A70C-12FF-4C52-833A-86C2AB9AF05C}.Debug|Any CPU.Build.0 = Debug|Any CPU
		{BB84A70C-12FF-4C52-833A-86C2AB9AF05C}.Release|Any CPU.ActiveCfg = Release|Any CPU
		{BB84A70C-12FF-4C52-833A-86C2AB9AF05C}.Release|Any CPU.Build.0 = Release|Any CPU
	EndGlobalSection
	GlobalSection(SolutionProperties) = preSolution
		HideSolutionNode = FALSE
	EndGlobalSection
EndGlobal
